
Microsoft Visual Studio Solution File, Format Version 12.00
# Visual Studio Version 17
VisualStudioVersion = 17.9.34723.18
MinimumVisualStudioVersion = 10.0.40219.1
Project("{FAE04EC0-301F-11D3-BF4B-00C04F79EFBC}") = "RemoveDuplicatesFromSortedArray_II", "RemoveDuplicatesFromSortedArray_II\RemoveDuplicatesFromSortedArray_II.csproj", "{A9D5B732-4C21-4CE4-9E45-4B821DEB6181}"
EndProject
Global
	GlobalSection(SolutionConfigurationPlatforms) = preSolution
		Debug|Any CPU = Debug|Any CPU
		Release|Any CPU = Release|Any CPU
	EndGlobalSection
	GlobalSection(ProjectConfigurationPlatforms) = postSolution
		{A9D5B732-4C21-4CE4-9E45-4B821DEB6181}.Debug|Any CPU.ActiveCfg = Debug|Any CPU
		{A9D5B732-4C21-4CE4-9E45-4B821DEB6181}.Debug|Any CPU.Build.0 = Debug|Any CPU
		{A9D5B732-4C21-4CE4-9E45-4B821DEB6181}.Release|Any CPU.ActiveCfg = Release|Any CPU
		{A9D5B732-4C21-4CE4-9E45-4B821DEB6181}.Release|Any CPU.Build.0 = Release|Any CPU
	EndGlobalSection
	GlobalSection(SolutionProperties) = preSolution
		HideSolutionNode = FALSE
	EndGlobalSection
	GlobalSection(ExtensibilityGlobals) = postSolution
		SolutionGuid = {2E1F9644-5568-4F85-9ACC-2D618018577D}
	EndGlobalSection
EndGlobal
